
Microsoft Visual Studio Solution File, Format Version 12.00
# Visual Studio Version 16
VisualStudioVersion = 16.0.30717.126
MinimumVisualStudioVersion = 10.0.40219.1
Project("{FAE04EC0-301F-11D3-BF4B-00C04F79EFBC}") = "OverlayAnywhere", "OverlayAnywhere\OverlayAnywhere.csproj", "{BD7252EC-3A89-45D2-8241-66A0CF8267EF}"
EndProject
Global
	GlobalSection(SolutionConfigurationPlatforms) = preSolution
		Debug|Any CPU = Debug|Any CPU
		Debug|x64 = Debug|x64
		Debug|x86 = Debug|x86
		Release|Any CPU = Release|Any CPU
		Release|x64 = Release|x64
		Release|x86 = Release|x86
	EndGlobalSection
	GlobalSection(ProjectConfigurationPlatforms) = postSolution
		{BD7252EC-3A89-45D2-8241-66A0CF8267EF}.Debug|Any CPU.ActiveCfg = Debug|Any CPU
		{BD7252EC-3A89-45D2-8241-66A0CF8267EF}.Debug|Any CPU.Build.0 = Debug|Any CPU
		{BD7252EC-3A89-45D2-8241-66A0CF8267EF}.Debug|x64.ActiveCfg = Debug|x64
		{BD7252EC-3A89-45D2-8241-66A0CF8267EF}.Debug|x64.Build.0 = Debug|x64
		{BD7252EC-3A89-45D2-8241-66A0CF8267EF}.Debug|x86.ActiveCfg = Debug|x86
		{BD7252EC-3A89-45D2-8241-66A0CF8267EF}.Debug|x86.Build.0 = Debug|x86
		{BD7252EC-3A89-45D2-8241-66A0CF8267EF}.Release|Any CPU.ActiveCfg = Release|Any CPU
		{BD7252EC-3A89-45D2-8241-66A0CF8267EF}.Release|Any CPU.Build.0 = Release|Any CPU
		{BD7252EC-3A89-45D2-8241-66A0CF8267EF}.Release|x64.ActiveCfg = Release|x64
		{BD7252EC-3A89-45D2-8241-66A0CF8267EF}.Release|x64.Build.0 = Release|x64
		{BD7252EC-3A89-45D2-8241-66A0CF8267EF}.Release|x86.ActiveCfg = Release|x86
		{BD7252EC-3A89-45D2-8241-66A0CF8267EF}.Release|x86.Build.0 = Release|x86
	EndGlobalSection
	GlobalSection(SolutionProperties) = preSolution
		HideSolutionNode = FALSE
	EndGlobalSection
	GlobalSection(ExtensibilityGlobals) = postSolution
		SolutionGuid = {2B976191-D80C-43C7-8799-8DD59F24D80D}
	EndGlobalSection
EndGlobal
